
Microsoft Visual Studio Solution File, Format Version 12.00
# Visual Studio Version 17
VisualStudioVersion = 17.8.34330.188
MinimumVisualStudioVersion = 10.0.40219.1
Project("{9A19103F-16F7-4668-BE54-9A1E7A4F7556}") = "trilha-net-explorando-desafio-main", "trilha-net-explorando-desafio-main.csproj", "{01441181-E372-4432-AB6F-662B2C4C4BF2}"
EndProject
Global
	GlobalSection(SolutionConfigurationPlatforms) = preSolution
		Debug|Any CPU = Debug|Any CPU
		Release|Any CPU = Release|Any CPU
	EndGlobalSection
	GlobalSection(ProjectConfigurationPlatforms) = postSolution
		{01441181-E372-4432-AB6F-662B2C4C4BF2}.Debug|Any CPU.ActiveCfg = Debug|Any CPU
		{01441181-E372-4432-AB6F-662B2C4C4BF2}.Debug|Any CPU.Build.0 = Debug|Any CPU
		{01441181-E372-4432-AB6F-662B2C4C4BF2}.Release|Any CPU.ActiveCfg = Release|Any CPU
		{01441181-E372-4432-AB6F-662B2C4C4BF2}.Release|Any CPU.Build.0 = Release|Any CPU
	EndGlobalSection
	GlobalSection(SolutionProperties) = preSolution
		HideSolutionNode = FALSE
	EndGlobalSection
	GlobalSection(ExtensibilityGlobals) = postSolution
		SolutionGuid = {09D831CF-09CA-4A9F-82E3-3DD95BB91B93}
	EndGlobalSection
EndGlobal
